
Microsoft Visual Studio Solution File, Format Version 12.00
# Visual Studio Version 17
VisualStudioVersion = 17.7.34018.315
MinimumVisualStudioVersion = 10.0.40219.1
Project("{8BC9CEB8-8B4A-11D0-8D11-00A0C91BC942}") = "readme.md", "readme.md.vcxproj", "{8950BE4A-CFC1-482E-9AC6-03F9C40FFCCC}"
EndProject
Global
	GlobalSection(SolutionConfigurationPlatforms) = preSolution
		Debug|x64 = Debug|x64
		Debug|x86 = Debug|x86
		Release|x64 = Release|x64
		Release|x86 = Release|x86
	EndGlobalSection
	GlobalSection(ProjectConfigurationPlatforms) = postSolution
		{8950BE4A-CFC1-482E-9AC6-03F9C40FFCCC}.Debug|x64.ActiveCfg = Debug|x64
		{8950BE4A-CFC1-482E-9AC6-03F9C40FFCCC}.Debug|x64.Build.0 = Debug|x64
		{8950BE4A-CFC1-482E-9AC6-03F9C40FFCCC}.Debug|x86.ActiveCfg = Debug|Win32
		{8950BE4A-CFC1-482E-9AC6-03F9C40FFCCC}.Debug|x86.Build.0 = Debug|Win32
		{8950BE4A-CFC1-482E-9AC6-03F9C40FFCCC}.Release|x64.ActiveCfg = Release|x64
		{8950BE4A-CFC1-482E-9AC6-03F9C40FFCCC}.Release|x64.Build.0 = Release|x64
		{8950BE4A-CFC1-482E-9AC6-03F9C40FFCCC}.Release|x86.ActiveCfg = Release|Win32
		{8950BE4A-CFC1-482E-9AC6-03F9C40FFCCC}.Release|x86.Build.0 = Release|Win32
	EndGlobalSection
	GlobalSection(SolutionProperties) = preSolution
		HideSolutionNode = FALSE
	EndGlobalSection
	GlobalSection(ExtensibilityGlobals) = postSolution
		SolutionGuid = {E6D9D118-1A1C-459F-8C68-5ED202805F80}
	EndGlobalSection
EndGlobal
